
Microsoft Visual Studio Solution File, Format Version 12.00
# Visual Studio Version 17
VisualStudioVersion = 17.5.002.0
MinimumVisualStudioVersion = 10.0.40219.1
Project("{9A19103F-16F7-4668-BE54-9A1E7A4F7556}") = "GoodHabits.Persistence", "GoodHabits.Persistence\GoodHabits.Persistence.csproj", "{F5035AD4-38E2-4528-BA14-24592D63BDC8}"
EndProject
Project("{9A19103F-16F7-4668-BE54-9A1E7A4F7556}") = "GoodHabits.HabitsWeb", "GoodHabits.HabitsWeb\GoodHabits.HabitsWeb.csproj", "{DBF5D204-50DD-49EC-900C-514F28D40CB5}"
EndProject
Project("{9A19103F-16F7-4668-BE54-9A1E7A4F7556}") = "GoodHabits.HabitsAPI", "GoodHabits.HabitsAPI\GoodHabits.HabitsAPI.csproj", "{770C1FB4-8E17-4457-AFBF-6D86076A9A39}"
EndProject
Project("{9A19103F-16F7-4668-BE54-9A1E7A4F7556}") = "GoodHabits.UserService", "GoodHabits.UserService\GoodHabits.UserService.csproj", "{564E8033-C2DC-4DDD-A3CF-9654E1FB8CBE}"
EndProject
Global
	GlobalSection(SolutionConfigurationPlatforms) = preSolution
		Debug|Any CPU = Debug|Any CPU
		Release|Any CPU = Release|Any CPU
	EndGlobalSection
	GlobalSection(ProjectConfigurationPlatforms) = postSolution
		{F5035AD4-38E2-4528-BA14-24592D63BDC8}.Debug|Any CPU.ActiveCfg = Debug|Any CPU
		{F5035AD4-38E2-4528-BA14-24592D63BDC8}.Debug|Any CPU.Build.0 = Debug|Any CPU
		{F5035AD4-38E2-4528-BA14-24592D63BDC8}.Release|Any CPU.ActiveCfg = Release|Any CPU
		{F5035AD4-38E2-4528-BA14-24592D63BDC8}.Release|Any CPU.Build.0 = Release|Any CPU
		{DBF5D204-50DD-49EC-900C-514F28D40CB5}.Debug|Any CPU.ActiveCfg = Debug|Any CPU
		{DBF5D204-50DD-49EC-900C-514F28D40CB5}.Debug|Any CPU.Build.0 = Debug|Any CPU
		{DBF5D204-50DD-49EC-900C-514F28D40CB5}.Release|Any CPU.ActiveCfg = Release|Any CPU
		{DBF5D204-50DD-49EC-900C-514F28D40CB5}.Release|Any CPU.Build.0 = Release|Any CPU
		{770C1FB4-8E17-4457-AFBF-6D86076A9A39}.Debug|Any CPU.ActiveCfg = Debug|Any CPU
		{770C1FB4-8E17-4457-AFBF-6D86076A9A39}.Debug|Any CPU.Build.0 = Debug|Any CPU
		{770C1FB4-8E17-4457-AFBF-6D86076A9A39}.Release|Any CPU.ActiveCfg = Release|Any CPU
		{770C1FB4-8E17-4457-AFBF-6D86076A9A39}.Release|Any CPU.Build.0 = Release|Any CPU
		{564E8033-C2DC-4DDD-A3CF-9654E1FB8CBE}.Debug|Any CPU.ActiveCfg = Debug|Any CPU
		{564E8033-C2DC-4DDD-A3CF-9654E1FB8CBE}.Debug|Any CPU.Build.0 = Debug|Any CPU
		{564E8033-C2DC-4DDD-A3CF-9654E1FB8CBE}.Release|Any CPU.ActiveCfg = Release|Any CPU
		{564E8033-C2DC-4DDD-A3CF-9654E1FB8CBE}.Release|Any CPU.Build.0 = Release|Any CPU
	EndGlobalSection
	GlobalSection(SolutionProperties) = preSolution
		HideSolutionNode = FALSE
	EndGlobalSection
	GlobalSection(ExtensibilityGlobals) = postSolution
		SolutionGuid = {BEAD6D71-1125-4ADA-83DA-E177BFD0CAC8}
	EndGlobalSection
EndGlobal
